
Microsoft Visual Studio Solution File, Format Version 12.00
# Visual Studio Version 16
VisualStudioVersion = 16.0.30128.74
MinimumVisualStudioVersion = 10.0.40219.1
Project("{FAE04EC0-301F-11D3-BF4B-00C04F79EFBC}") = "Practica1_GestionPersonas", "Practica1_GestionPersonas\Practica1_GestionPersonas.csproj", "{6F344C72-E927-49B6-8A76-0B45FC223A88}"
EndProject
Global
	GlobalSection(SolutionConfigurationPlatforms) = preSolution
		Debug|Any CPU = Debug|Any CPU
		Release|Any CPU = Release|Any CPU
	EndGlobalSection
	GlobalSection(ProjectConfigurationPlatforms) = postSolution
		{6F344C72-E927-49B6-8A76-0B45FC223A88}.Debug|Any CPU.ActiveCfg = Debug|Any CPU
		{6F344C72-E927-49B6-8A76-0B45FC223A88}.Debug|Any CPU.Build.0 = Debug|Any CPU
		{6F344C72-E927-49B6-8A76-0B45FC223A88}.Release|Any CPU.ActiveCfg = Release|Any CPU
		{6F344C72-E927-49B6-8A76-0B45FC223A88}.Release|Any CPU.Build.0 = Release|Any CPU
	EndGlobalSection
	GlobalSection(SolutionProperties) = preSolution
		HideSolutionNode = FALSE
	EndGlobalSection
	GlobalSection(ExtensibilityGlobals) = postSolution
		SolutionGuid = {CCCAEE64-B0BB-4A82-86D8-AF8206C9C3DF}
	EndGlobalSection
EndGlobal
